
Microsoft Visual Studio Solution File, Format Version 12.00
# Visual Studio Version 16
VisualStudioVersion = 16.0.31515.178
MinimumVisualStudioVersion = 10.0.40219.1
Project("{888888A0-9F3D-457C-B088-3A5042F75D52}") = "CIS261ProjectPhase1", "CIS261ProjectPhase1.pyproj", "{29243958-E7D5-4F24-B64B-1BFC6BA77848}"
EndProject
Global
	GlobalSection(SolutionConfigurationPlatforms) = preSolution
		Debug|Any CPU = Debug|Any CPU
		Release|Any CPU = Release|Any CPU
	EndGlobalSection
	GlobalSection(ProjectConfigurationPlatforms) = postSolution
		{29243958-E7D5-4F24-B64B-1BFC6BA77848}.Debug|Any CPU.ActiveCfg = Debug|Any CPU
		{29243958-E7D5-4F24-B64B-1BFC6BA77848}.Release|Any CPU.ActiveCfg = Release|Any CPU
	EndGlobalSection
	GlobalSection(SolutionProperties) = preSolution
		HideSolutionNode = FALSE
	EndGlobalSection
	GlobalSection(ExtensibilityGlobals) = postSolution
		SolutionGuid = {6F8AF13A-94F1-4D49-84C9-13E9C776B8DC}
	EndGlobalSection
EndGlobal
